
Microsoft Visual Studio Solution File, Format Version 12.00
# Visual Studio Version 17
VisualStudioVersion = 17.10.35004.147
MinimumVisualStudioVersion = 10.0.40219.1
Project("{9A19103F-16F7-4668-BE54-9A1E7A4F7556}") = "WebCrawler", "WebCrawler\WebCrawler.csproj", "{37A8E08B-C580-4128-9C23-FD466290CB7C}"
EndProject
Project("{FAE04EC0-301F-11D3-BF4B-00C04F79EFBC}") = "WebCrawler.Tests", "WebCrawler.Tests\WebCrawler.Tests.csproj", "{19D6A536-6A1F-41F2-A17C-D6C1091D3FAA}"
EndProject
Global
	GlobalSection(SolutionConfigurationPlatforms) = preSolution
		Debug|Any CPU = Debug|Any CPU
		Release|Any CPU = Release|Any CPU
	EndGlobalSection
	GlobalSection(ProjectConfigurationPlatforms) = postSolution
		{37A8E08B-C580-4128-9C23-FD466290CB7C}.Debug|Any CPU.ActiveCfg = Debug|Any CPU
		{37A8E08B-C580-4128-9C23-FD466290CB7C}.Debug|Any CPU.Build.0 = Debug|Any CPU
		{37A8E08B-C580-4128-9C23-FD466290CB7C}.Release|Any CPU.ActiveCfg = Release|Any CPU
		{37A8E08B-C580-4128-9C23-FD466290CB7C}.Release|Any CPU.Build.0 = Release|Any CPU
		{19D6A536-6A1F-41F2-A17C-D6C1091D3FAA}.Debug|Any CPU.ActiveCfg = Debug|Any CPU
		{19D6A536-6A1F-41F2-A17C-D6C1091D3FAA}.Debug|Any CPU.Build.0 = Debug|Any CPU
		{19D6A536-6A1F-41F2-A17C-D6C1091D3FAA}.Release|Any CPU.ActiveCfg = Release|Any CPU
		{19D6A536-6A1F-41F2-A17C-D6C1091D3FAA}.Release|Any CPU.Build.0 = Release|Any CPU
	EndGlobalSection
	GlobalSection(SolutionProperties) = preSolution
		HideSolutionNode = FALSE
	EndGlobalSection
	GlobalSection(ExtensibilityGlobals) = postSolution
		SolutionGuid = {755477F3-C629-4BE0-855F-AE5052B32C8F}
	EndGlobalSection
EndGlobal
